
Microsoft Visual Studio Solution File, Format Version 12.00
# Visual Studio Version 16
VisualStudioVersion = 16.0.31105.61
MinimumVisualStudioVersion = 10.0.40219.1
Project("{FAE04EC0-301F-11D3-BF4B-00C04F79EFBC}") = "Superdash", "Superdash.csproj", "{6FBF25B7-CE27-407E-BA60-A6B2BAFAF111}"
EndProject
Global
	GlobalSection(SolutionConfigurationPlatforms) = preSolution
		Debug|Any CPU = Debug|Any CPU
		Release|Any CPU = Release|Any CPU
	EndGlobalSection
	GlobalSection(ProjectConfigurationPlatforms) = postSolution
		{6FBF25B7-CE27-407E-BA60-A6B2BAFAF111}.Debug|Any CPU.ActiveCfg = Debug|Any CPU
		{6FBF25B7-CE27-407E-BA60-A6B2BAFAF111}.Debug|Any CPU.Build.0 = Debug|Any CPU
		{6FBF25B7-CE27-407E-BA60-A6B2BAFAF111}.Release|Any CPU.ActiveCfg = Release|Any CPU
		{6FBF25B7-CE27-407E-BA60-A6B2BAFAF111}.Release|Any CPU.Build.0 = Release|Any CPU
	EndGlobalSection
	GlobalSection(SolutionProperties) = preSolution
		HideSolutionNode = FALSE
	EndGlobalSection
	GlobalSection(ExtensibilityGlobals) = postSolution
		SolutionGuid = {E24BC32E-CE06-4CE9-8453-71018AD13FE8}
	EndGlobalSection
EndGlobal
